
Microsoft Visual Studio Solution File, Format Version 12.00
# Visual Studio Version 16
VisualStudioVersion = 16.0.30002.166
MinimumVisualStudioVersion = 10.0.40219.1
Project("{FAE04EC0-301F-11D3-BF4B-00C04F79EFBC}") = "Day2MD", "Day2MD\Day2MD.csproj", "{A9F69BEE-F424-498E-B738-2C07CFD4BEFC}"
EndProject
Global
	GlobalSection(SolutionConfigurationPlatforms) = preSolution
		Debug|Any CPU = Debug|Any CPU
		Release|Any CPU = Release|Any CPU
	EndGlobalSection
	GlobalSection(ProjectConfigurationPlatforms) = postSolution
		{A9F69BEE-F424-498E-B738-2C07CFD4BEFC}.Debug|Any CPU.ActiveCfg = Debug|Any CPU
		{A9F69BEE-F424-498E-B738-2C07CFD4BEFC}.Debug|Any CPU.Build.0 = Debug|Any CPU
		{A9F69BEE-F424-498E-B738-2C07CFD4BEFC}.Release|Any CPU.ActiveCfg = Release|Any CPU
		{A9F69BEE-F424-498E-B738-2C07CFD4BEFC}.Release|Any CPU.Build.0 = Release|Any CPU
	EndGlobalSection
	GlobalSection(SolutionProperties) = preSolution
		HideSolutionNode = FALSE
	EndGlobalSection
	GlobalSection(ExtensibilityGlobals) = postSolution
		SolutionGuid = {6F5A0666-7AB9-4A0A-BEA0-4579EEA1C533}
	EndGlobalSection
EndGlobal
