
Microsoft Visual Studio Solution File, Format Version 12.00
# Visual Studio Version 16
VisualStudioVersion = 16.0.30002.166
MinimumVisualStudioVersion = 10.0.40219.1
Project("{FAE04EC0-301F-11D3-BF4B-00C04F79EFBC}") = "Day6_md", "Day6_md\Day6_md.csproj", "{CBEFF084-A56F-4BC0-AC0C-F78BC0C283CD}"
EndProject
Global
	GlobalSection(SolutionConfigurationPlatforms) = preSolution
		Debug|Any CPU = Debug|Any CPU
		Release|Any CPU = Release|Any CPU
	EndGlobalSection
	GlobalSection(ProjectConfigurationPlatforms) = postSolution
		{CBEFF084-A56F-4BC0-AC0C-F78BC0C283CD}.Debug|Any CPU.ActiveCfg = Debug|Any CPU
		{CBEFF084-A56F-4BC0-AC0C-F78BC0C283CD}.Debug|Any CPU.Build.0 = Debug|Any CPU
		{CBEFF084-A56F-4BC0-AC0C-F78BC0C283CD}.Release|Any CPU.ActiveCfg = Release|Any CPU
		{CBEFF084-A56F-4BC0-AC0C-F78BC0C283CD}.Release|Any CPU.Build.0 = Release|Any CPU
	EndGlobalSection
	GlobalSection(SolutionProperties) = preSolution
		HideSolutionNode = FALSE
	EndGlobalSection
	GlobalSection(ExtensibilityGlobals) = postSolution
		SolutionGuid = {FACA7113-9B2B-4F72-90DC-D7DCCE8CA4A0}
	EndGlobalSection
EndGlobal
